// !$*UTF8*$!
{
	archiveVersion = 1;
	classes = {
	};
	objectVersion = 55;
	objects = {

/* Begin PBXBuildFile section */
		4103F0EB295C226600419E4F /* DummyViewController.swift in Sources */ = {isa = PBXBuildFile; fileRef = 4103F0EA295C226600419E4F /* DummyViewController.swift */; };
		411E8FA6297E4F2C004D040A /* CurrencyFormatterTests.swift in Sources */ = {isa = PBXBuildFile; fileRef = 411E8FA5297E4F2C004D040A /* CurrencyFormatterTests.swift */; };
		4121D49A297C03EA00A0AE18 /* CurrencyFormatter.swift in Sources */ = {isa = PBXBuildFile; fileRef = 4121D499297C03EA00A0AE18 /* CurrencyFormatter.swift */; };
		41465912287A8F01001166CC /* LoginView.swift in Sources */ = {isa = PBXBuildFile; fileRef = 41465911287A8F01001166CC /* LoginView.swift */; };
		415819992976A57D00D3BBCD /* AccountSummaryCell.swift in Sources */ = {isa = PBXBuildFile; fileRef = 415819982976A57D00D3BBCD /* AccountSummaryCell.swift */; };
		41602A12287941190049C2D6 /* AppDelegate.swift in Sources */ = {isa = PBXBuildFile; fileRef = 41602A11287941190049C2D6 /* AppDelegate.swift */; };
		41602A16287941190049C2D6 /* LoginViewController.swift in Sources */ = {isa = PBXBuildFile; fileRef = 41602A15287941190049C2D6 /* LoginViewController.swift */; };
		41602A1B2879411B0049C2D6 /* Assets.xcassets in Resources */ = {isa = PBXBuildFile; fileRef = 41602A1A2879411B0049C2D6 /* Assets.xcassets */; };
		41602A1E2879411B0049C2D6 /* LaunchScreen.storyboard in Resources */ = {isa = PBXBuildFile; fileRef = 41602A1C2879411B0049C2D6 /* LaunchScreen.storyboard */; };
		41608F872972D0F0005C283E /* AccountSummaryHeader.swift in Sources */ = {isa = PBXBuildFile; fileRef = 41608F862972D0F0005C283E /* AccountSummaryHeader.swift */; };
		41608F892972D170005C283E /* AccountSummaryHeaderView.xib in Resources */ = {isa = PBXBuildFile; fileRef = 41608F882972D170005C283E /* AccountSummaryHeaderView.xib */; };
		4168282E2946F77100AC303D /* OnboardingViewController.swift in Sources */ = {isa = PBXBuildFile; fileRef = 4168282D2946F77100AC303D /* OnboardingViewController.swift */; };
		417E082E296FF1E2001A4FDC /* AccountSummaryViewController.swift in Sources */ = {isa = PBXBuildFile; fileRef = 417E082D296FF1E2001A4FDC /* AccountSummaryViewController.swift */; };
		4187CEEF2966CF450013FAD5 /* LocalState.swift in Sources */ = {isa = PBXBuildFile; fileRef = 4187CEEE2966CF450013FAD5 /* LocalState.swift */; };
		41A2FE1329465EB3009370F3 /* OnboardingContainerViewController.swift in Sources */ = {isa = PBXBuildFile; fileRef = 41A2FE1229465EB3009370F3 /* OnboardingContainerViewController.swift */; };
		41A4AA06296F36D4007DE547 /* MainViewController.swift in Sources */ = {isa = PBXBuildFile; fileRef = 41A4AA05296F36D4007DE547 /* MainViewController.swift */; };
		41F11A4E296C09C2006E1153 /* UIViewController.swift in Sources */ = {isa = PBXBuildFile; fileRef = 41F11A4D296C09C2006E1153 /* UIViewController.swift */; };
/* End PBXBuildFile section */

/* Begin PBXContainerItemProxy section */
		411E8FA0297E4D11004D040A /* PBXContainerItemProxy */ = {
			isa = PBXContainerItemProxy;
			containerPortal = 41602A06287941190049C2D6 /* Project object */;
			proxyType = 1;
			remoteGlobalIDString = 41602A0D287941190049C2D6;
			remoteInfo = Bank;
		};
/* End PBXContainerItemProxy section */

/* Begin PBXFileReference section */
		4103F0EA295C226600419E4F /* DummyViewController.swift */ = {isa = PBXFileReference; lastKnownFileType = sourcecode.swift; path = DummyViewController.swift; sourceTree = "<group>"; };
		411E8F9C297E4D11004D040A /* BankUnitTests.xctest */ = {isa = PBXFileReference; explicitFileType = wrapper.cfbundle; includeInIndex = 0; path = BankUnitTests.xctest; sourceTree = BUILT_PRODUCTS_DIR; };
		411E8FA5297E4F2C004D040A /* CurrencyFormatterTests.swift */ = {isa = PBXFileReference; lastKnownFileType = sourcecode.swift; path = CurrencyFormatterTests.swift; sourceTree = "<group>"; };
		4121D499297C03EA00A0AE18 /* CurrencyFormatter.swift */ = {isa = PBXFileReference; lastKnownFileType = sourcecode.swift; path = CurrencyFormatter.swift; sourceTree = "<group>"; };
		41465911287A8F01001166CC /* LoginView.swift */ = {isa = PBXFileReference; lastKnownFileType = sourcecode.swift; path = LoginView.swift; sourceTree = "<group>"; };
		415819982976A57D00D3BBCD /* AccountSummaryCell.swift */ = {isa = PBXFileReference; lastKnownFileType = sourcecode.swift; path = AccountSummaryCell.swift; sourceTree = "<group>"; };
		41602A0E287941190049C2D6 /* Bank.app */ = {isa = PBXFileReference; explicitFileType = wrapper.application; includeInIndex = 0; path = Bank.app; sourceTree = BUILT_PRODUCTS_DIR; };
		41602A11287941190049C2D6 /* AppDelegate.swift */ = {isa = PBXFileReference; lastKnownFileType = sourcecode.swift; path = AppDelegate.swift; sourceTree = "<group>"; };
		41602A15287941190049C2D6 /* LoginViewController.swift */ = {isa = PBXFileReference; lastKnownFileType = sourcecode.swift; path = LoginViewController.swift; sourceTree = "<group>"; };
		41602A1A2879411B0049C2D6 /* Assets.xcassets */ = {isa = PBXFileReference; lastKnownFileType = folder.assetcatalog; path = Assets.xcassets; sourceTree = "<group>"; };
		41602A1D2879411B0049C2D6 /* Base */ = {isa = PBXFileReference; lastKnownFileType = file.storyboard; name = Base; path = Base.lproj/LaunchScreen.storyboard; sourceTree = "<group>"; };
		41602A1F2879411B0049C2D6 /* Info.plist */ = {isa = PBXFileReference; lastKnownFileType = text.plist.xml; path = Info.plist; sourceTree = "<group>"; };
		41608F862972D0F0005C283E /* AccountSummaryHeader.swift */ = {isa = PBXFileReference; lastKnownFileType = sourcecode.swift; path = AccountSummaryHeader.swift; sourceTree = "<group>"; };
		41608F882972D170005C283E /* AccountSummaryHeaderView.xib */ = {isa = PBXFileReference; lastKnownFileType = file.xib; path = AccountSummaryHeaderView.xib; sourceTree = "<group>"; };
		4168282D2946F77100AC303D /* OnboardingViewController.swift */ = {isa = PBXFileReference; lastKnownFileType = sourcecode.swift; path = OnboardingViewController.swift; sourceTree = "<group>"; };
		417E082D296FF1E2001A4FDC /* AccountSummaryViewController.swift */ = {isa = PBXFileReference; lastKnownFileType = sourcecode.swift; path = AccountSummaryViewController.swift; sourceTree = "<group>"; };
		4187CEEE2966CF450013FAD5 /* LocalState.swift */ = {isa = PBXFileReference; lastKnownFileType = sourcecode.swift; path = LocalState.swift; sourceTree = "<group>"; };
		41A2FE1229465EB3009370F3 /* OnboardingContainerViewController.swift */ = {isa = PBXFileReference; lastKnownFileType = sourcecode.swift; path = OnboardingContainerViewController.swift; sourceTree = "<group>"; };
		41A4AA05296F36D4007DE547 /* MainViewController.swift */ = {isa = PBXFileReference; lastKnownFileType = sourcecode.swift; path = MainViewController.swift; sourceTree = "<group>"; };
		41F11A4D296C09C2006E1153 /* UIViewController.swift */ = {isa = PBXFileReference; lastKnownFileType = sourcecode.swift; path = UIViewController.swift; sourceTree = "<group>"; };
/* End PBXFileReference section */

/* Begin PBXFrameworksBuildPhase section */
		411E8F99297E4D11004D040A /* Frameworks */ = {
			isa = PBXFrameworksBuildPhase;
			buildActionMask = 2147483647;
			files = (
			);
			runOnlyForDeploymentPostprocessing = 0;
		};
		41602A0B287941190049C2D6 /* Frameworks */ = {
			isa = PBXFrameworksBuildPhase;
			buildActionMask = 2147483647;
			files = (
			);
			runOnlyForDeploymentPostprocessing = 0;
		};
/* End PBXFrameworksBuildPhase section */

/* Begin PBXGroup section */
		411E8F9D297E4D11004D040A /* BankUnitTests */ = {
			isa = PBXGroup;
			children = (
				411E8FA5297E4F2C004D040A /* CurrencyFormatterTests.swift */,
			);
			path = BankUnitTests;
			sourceTree = "<group>";
		};
		4146590F287A8B1A001166CC /* Files */ = {
			isa = PBXGroup;
			children = (
				41602A1A2879411B0049C2D6 /* Assets.xcassets */,
				41602A1C2879411B0049C2D6 /* LaunchScreen.storyboard */,
			);
			path = Files;
			sourceTree = "<group>";
		};
		41465910287A8EE0001166CC /* Login */ = {
			isa = PBXGroup;
			children = (
				41465911287A8F01001166CC /* LoginView.swift */,
				4103F0EA295C226600419E4F /* DummyViewController.swift */,
			);
			path = Login;
			sourceTree = "<group>";
		};
		415819962976A4EA00D3BBCD /* Header */ = {
			isa = PBXGroup;
			children = (
				41608F862972D0F0005C283E /* AccountSummaryHeader.swift */,
				41608F882972D170005C283E /* AccountSummaryHeaderView.xib */,
			);
			path = Header;
			sourceTree = "<group>";
		};
		415819972976A53700D3BBCD /* Cells */ = {
			isa = PBXGroup;
			children = (
				415819982976A57D00D3BBCD /* AccountSummaryCell.swift */,
			);
			path = Cells;
			sourceTree = "<group>";
		};
		415BDCF7289634AB00FC5467 /* Onboarding */ = {
			isa = PBXGroup;
			children = (
				41A2FE1229465EB3009370F3 /* OnboardingContainerViewController.swift */,
				4168282D2946F77100AC303D /* OnboardingViewController.swift */,
			);
			path = Onboarding;
			sourceTree = "<group>";
		};
		41602A05287941190049C2D6 = {
			isa = PBXGroup;
			children = (
				41602A10287941190049C2D6 /* Bank */,
				411E8F9D297E4D11004D040A /* BankUnitTests */,
				41602A0F287941190049C2D6 /* Products */,
			);
			sourceTree = "<group>";
		};
		41602A0F287941190049C2D6 /* Products */ = {
			isa = PBXGroup;
			children = (
				41602A0E287941190049C2D6 /* Bank.app */,
				411E8F9C297E4D11004D040A /* BankUnitTests.xctest */,
			);
			name = Products;
			sourceTree = "<group>";
		};
		41602A10287941190049C2D6 /* Bank */ = {
			isa = PBXGroup;
			children = (
				417E082C296FF0AE001A4FDC /* AccountSummary */,
				41465910287A8EE0001166CC /* Login */,
				415BDCF7289634AB00FC5467 /* Onboarding */,
				41CB1D33296416300005033B /* Utilities */,
				4146590F287A8B1A001166CC /* Files */,
				41602A11287941190049C2D6 /* AppDelegate.swift */,
				41602A15287941190049C2D6 /* LoginViewController.swift */,
				41602A1F2879411B0049C2D6 /* Info.plist */,
				41A4AA05296F36D4007DE547 /* MainViewController.swift */,
			);
			path = Bank;
			sourceTree = "<group>";
		};
		417E082C296FF0AE001A4FDC /* AccountSummary */ = {
			isa = PBXGroup;
			children = (
				415819972976A53700D3BBCD /* Cells */,
				415819962976A4EA00D3BBCD /* Header */,
				417E082D296FF1E2001A4FDC /* AccountSummaryViewController.swift */,
			);
			path = AccountSummary;
			sourceTree = "<group>";
		};
		41CB1D33296416300005033B /* Utilities */ = {
			isa = PBXGroup;
			children = (
				4187CEEE2966CF450013FAD5 /* LocalState.swift */,
				41F11A4D296C09C2006E1153 /* UIViewController.swift */,
				4121D499297C03EA00A0AE18 /* CurrencyFormatter.swift */,
			);
			path = Utilities;
			sourceTree = "<group>";
		};
/* End PBXGroup section */

/* Begin PBXNativeTarget section */
		411E8F9B297E4D11004D040A /* BankUnitTests */ = {
			isa = PBXNativeTarget;
			buildConfigurationList = 411E8FA4297E4D11004D040A /* Build configuration list for PBXNativeTarget "BankUnitTests" */;
			buildPhases = (
				411E8F98297E4D11004D040A /* Sources */,
				411E8F99297E4D11004D040A /* Frameworks */,
				411E8F9A297E4D11004D040A /* Resources */,
			);
			buildRules = (
			);
			dependencies = (
				411E8FA1297E4D11004D040A /* PBXTargetDependency */,
			);
			name = BankUnitTests;
			productName = BankUnitTests;
			productReference = 411E8F9C297E4D11004D040A /* BankUnitTests.xctest */;
			productType = "com.apple.product-type.bundle.unit-test";
		};
		41602A0D287941190049C2D6 /* Bank */ = {
			isa = PBXNativeTarget;
			buildConfigurationList = 41602A222879411B0049C2D6 /* Build configuration list for PBXNativeTarget "Bank" */;
			buildPhases = (
				41602A0A287941190049C2D6 /* Sources */,
				41602A0B287941190049C2D6 /* Frameworks */,
				41602A0C287941190049C2D6 /* Resources */,
			);
			buildRules = (
			);
			dependencies = (
			);
			name = Bank;
			productName = Bank;
			productReference = 41602A0E287941190049C2D6 /* Bank.app */;
			productType = "com.apple.product-type.application";
		};
/* End PBXNativeTarget section */

/* Begin PBXProject section */
		41602A06287941190049C2D6 /* Project object */ = {
			isa = PBXProject;
			attributes = {
				BuildIndependentTargetsInParallel = 1;
				LastSwiftUpdateCheck = 1330;
				LastUpgradeCheck = 1330;
				TargetAttributes = {
					411E8F9B297E4D11004D040A = {
						CreatedOnToolsVersion = 13.3;
						LastSwiftMigration = 1330;
						TestTargetID = 41602A0D287941190049C2D6;
					};
					41602A0D287941190049C2D6 = {
						CreatedOnToolsVersion = 13.3;
					};
				};
			};
			buildConfigurationList = 41602A09287941190049C2D6 /* Build configuration list for PBXProject "Bank" */;
			compatibilityVersion = "Xcode 13.0";
			developmentRegion = en;
			hasScannedForEncodings = 0;
			knownRegions = (
				en,
				Base,
			);
			mainGroup = 41602A05287941190049C2D6;
			productRefGroup = 41602A0F287941190049C2D6 /* Products */;
			projectDirPath = "";
			projectRoot = "";
			targets = (
				41602A0D287941190049C2D6 /* Bank */,
				411E8F9B297E4D11004D040A /* BankUnitTests */,
			);
		};
/* End PBXProject section */

/* Begin PBXResourcesBuildPhase section */
		411E8F9A297E4D11004D040A /* Resources */ = {
			isa = PBXResourcesBuildPhase;
			buildActionMask = 2147483647;
			files = (
			);
			runOnlyForDeploymentPostprocessing = 0;
		};
		41602A0C287941190049C2D6 /* Resources */ = {
			isa = PBXResourcesBuildPhase;
			buildActionMask = 2147483647;
			files = (
				41608F892972D170005C283E /* AccountSummaryHeaderView.xib in Resources */,
				41602A1E2879411B0049C2D6 /* LaunchScreen.storyboard in Resources */,
				41602A1B2879411B0049C2D6 /* Assets.xcassets in Resources */,
			);
			runOnlyForDeploymentPostprocessing = 0;
		};
/* End PBXResourcesBuildPhase section */

/* Begin PBXSourcesBuildPhase section */
		411E8F98297E4D11004D040A /* Sources */ = {
			isa = PBXSourcesBuildPhase;
			buildActionMask = 2147483647;
			files = (
				411E8FA6297E4F2C004D040A /* CurrencyFormatterTests.swift in Sources */,
			);
			runOnlyForDeploymentPostprocessing = 0;
		};
		41602A0A287941190049C2D6 /* Sources */ = {
			isa = PBXSourcesBuildPhase;
			buildActionMask = 2147483647;
			files = (
				41465912287A8F01001166CC /* LoginView.swift in Sources */,
				4187CEEF2966CF450013FAD5 /* LocalState.swift in Sources */,
				41608F872972D0F0005C283E /* AccountSummaryHeader.swift in Sources */,
				4103F0EB295C226600419E4F /* DummyViewController.swift in Sources */,
				41602A16287941190049C2D6 /* LoginViewController.swift in Sources */,
				4168282E2946F77100AC303D /* OnboardingViewController.swift in Sources */,
				4121D49A297C03EA00A0AE18 /* CurrencyFormatter.swift in Sources */,
				415819992976A57D00D3BBCD /* AccountSummaryCell.swift in Sources */,
				41602A12287941190049C2D6 /* AppDelegate.swift in Sources */,
				41A4AA06296F36D4007DE547 /* MainViewController.swift in Sources */,
				417E082E296FF1E2001A4FDC /* AccountSummaryViewController.swift in Sources */,
				41F11A4E296C09C2006E1153 /* UIViewController.swift in Sources */,
				41A2FE1329465EB3009370F3 /* OnboardingContainerViewController.swift in Sources */,
			);
			runOnlyForDeploymentPostprocessing = 0;
		};
/* End PBXSourcesBuildPhase section */

/* Begin PBXTargetDependency section */
		411E8FA1297E4D11004D040A /* PBXTargetDependency */ = {
			isa = PBXTargetDependency;
			target = 41602A0D287941190049C2D6 /* Bank */;
			targetProxy = 411E8FA0297E4D11004D040A /* PBXContainerItemProxy */;
		};
/* End PBXTargetDependency section */

/* Begin PBXVariantGroup section */
		41602A1C2879411B0049C2D6 /* LaunchScreen.storyboard */ = {
			isa = PBXVariantGroup;
			children = (
				41602A1D2879411B0049C2D6 /* Base */,
			);
			name = LaunchScreen.storyboard;
			sourceTree = "<group>";
		};
/* End PBXVariantGroup section */

/* Begin XCBuildConfiguration section */
		411E8FA2297E4D11004D040A /* Debug */ = {
			isa = XCBuildConfiguration;
			buildSettings = {
				BUNDLE_LOADER = "$(TEST_HOST)";
				CLANG_ENABLE_MODULES = YES;
				CODE_SIGN_STYLE = Automatic;
				CURRENT_PROJECT_VERSION = 1;
				DEVELOPMENT_TEAM = W749SDNNB4;
				GENERATE_INFOPLIST_FILE = YES;
				LD_RUNPATH_SEARCH_PATHS = (
					"$(inherited)",
					"@executable_path/Frameworks",
					"@loader_path/Frameworks",
				);
				MARKETING_VERSION = 1.0;
				PRODUCT_BUNDLE_IDENTIFIER = com.asad.BankUnitTests;
				PRODUCT_NAME = "$(TARGET_NAME)";
				SWIFT_EMIT_LOC_STRINGS = NO;
				SWIFT_OPTIMIZATION_LEVEL = "-Onone";
				SWIFT_VERSION = 5.0;
				TARGETED_DEVICE_FAMILY = "1,2";
				TEST_HOST = "$(BUILT_PRODUCTS_DIR)/Bank.app/Bank";
			};
			name = Debug;
		};
		411E8FA3297E4D11004D040A /* Release */ = {
			isa = XCBuildConfiguration;
			buildSettings = {
				BUNDLE_LOADER = "$(TEST_HOST)";
				CLANG_ENABLE_MODULES = YES;
				CODE_SIGN_STYLE = Automatic;
				CURRENT_PROJECT_VERSION = 1;
				DEVELOPMENT_TEAM = W749SDNNB4;
				GENERATE_INFOPLIST_FILE = YES;
				LD_RUNPATH_SEARCH_PATHS = (
					"$(inherited)",
					"@executable_path/Frameworks",
					"@loader_path/Frameworks",
				);
				MARKETING_VERSION = 1.0;
				PRODUCT_BUNDLE_IDENTIFIER = com.asad.BankUnitTests;
				PRODUCT_NAME = "$(TARGET_NAME)";
				SWIFT_EMIT_LOC_STRINGS = NO;
				SWIFT_VERSION = 5.0;
				TARGETED_DEVICE_FAMILY = "1,2";
				TEST_HOST = "$(BUILT_PRODUCTS_DIR)/Bank.app/Bank";
			};
			name = Release;
		};
		41602A202879411B0049C2D6 /* Debug */ = {
			isa = XCBuildConfiguration;
			buildSettings = {
				ALWAYS_SEARCH_USER_PATHS = NO;
				CLANG_ANALYZER_NONNULL = YES;
				CLANG_ANALYZER_NUMBER_OBJECT_CONVERSION = YES_AGGRESSIVE;
				CLANG_CXX_LANGUAGE_STANDARD = "gnu++17";
				CLANG_ENABLE_MODULES = YES;
				CLANG_ENABLE_OBJC_ARC = YES;
				CLANG_ENABLE_OBJC_WEAK = YES;
				CLANG_WARN_BLOCK_CAPTURE_AUTORELEASING = YES;
				CLANG_WARN_BOOL_CONVERSION = YES;
				CLANG_WARN_COMMA = YES;
				CLANG_WARN_CONSTANT_CONVERSION = YES;
				CLANG_WARN_DEPRECATED_OBJC_IMPLEMENTATIONS = YES;
				CLANG_WARN_DIRECT_OBJC_ISA_USAGE = YES_ERROR;
				CLANG_WARN_DOCUMENTATION_COMMENTS = YES;
				CLANG_WARN_EMPTY_BODY = YES;
				CLANG_WARN_ENUM_CONVERSION = YES;
				CLANG_WARN_INFINITE_RECURSION = YES;
				CLANG_WARN_INT_CONVERSION = YES;
				CLANG_WARN_NON_LITERAL_NULL_CONVERSION = YES;
				CLANG_WARN_OBJC_IMPLICIT_RETAIN_SELF = YES;
				CLANG_WARN_OBJC_LITERAL_CONVERSION = YES;
				CLANG_WARN_OBJC_ROOT_CLASS = YES_ERROR;
				CLANG_WARN_QUOTED_INCLUDE_IN_FRAMEWORK_HEADER = YES;
				CLANG_WARN_RANGE_LOOP_ANALYSIS = YES;
				CLANG_WARN_STRICT_PROTOTYPES = YES;
				CLANG_WARN_SUSPICIOUS_MOVE = YES;
				CLANG_WARN_UNGUARDED_AVAILABILITY = YES_AGGRESSIVE;
				CLANG_WARN_UNREACHABLE_CODE = YES;
				CLANG_WARN__DUPLICATE_METHOD_MATCH = YES;
				COPY_PHASE_STRIP = NO;
				DEBUG_INFORMATION_FORMAT = dwarf;
				ENABLE_STRICT_OBJC_MSGSEND = YES;
				ENABLE_TESTABILITY = YES;
				GCC_C_LANGUAGE_STANDARD = gnu11;
				GCC_DYNAMIC_NO_PIC = NO;
				GCC_NO_COMMON_BLOCKS = YES;
				GCC_OPTIMIZATION_LEVEL = 0;
				GCC_PREPROCESSOR_DEFINITIONS = (
					"DEBUG=1",
					"$(inherited)",
				);
				GCC_WARN_64_TO_32_BIT_CONVERSION = YES;
				GCC_WARN_ABOUT_RETURN_TYPE = YES_ERROR;
				GCC_WARN_UNDECLARED_SELECTOR = YES;
				GCC_WARN_UNINITIALIZED_AUTOS = YES_AGGRESSIVE;
				GCC_WARN_UNUSED_FUNCTION = YES;
				GCC_WARN_UNUSED_VARIABLE = YES;
				IPHONEOS_DEPLOYMENT_TARGET = 15.4;
				MTL_ENABLE_DEBUG_INFO = INCLUDE_SOURCE;
				MTL_FAST_MATH = YES;
				ONLY_ACTIVE_ARCH = YES;
				SDKROOT = iphoneos;
				SWIFT_ACTIVE_COMPILATION_CONDITIONS = DEBUG;
				SWIFT_OPTIMIZATION_LEVEL = "-Onone";
			};
			name = Debug;
		};
		41602A212879411B0049C2D6 /* Release */ = {
			isa = XCBuildConfiguration;
			buildSettings = {
				ALWAYS_SEARCH_USER_PATHS = NO;
				CLANG_ANALYZER_NONNULL = YES;
				CLANG_ANALYZER_NUMBER_OBJECT_CONVERSION = YES_AGGRESSIVE;
				CLANG_CXX_LANGUAGE_STANDARD = "gnu++17";
				CLANG_ENABLE_MODULES = YES;
				CLANG_ENABLE_OBJC_ARC = YES;
				CLANG_ENABLE_OBJC_WEAK = YES;
				CLANG_WARN_BLOCK_CAPTURE_AUTORELEASING = YES;
				CLANG_WARN_BOOL_CONVERSION = YES;
				CLANG_WARN_COMMA = YES;
				CLANG_WARN_CONSTANT_CONVERSION = YES;
				CLANG_WARN_DEPRECATED_OBJC_IMPLEMENTATIONS = YES;
				CLANG_WARN_DIRECT_OBJC_ISA_USAGE = YES_ERROR;
				CLANG_WARN_DOCUMENTATION_COMMENTS = YES;
				CLANG_WARN_EMPTY_BODY = YES;
				CLANG_WARN_ENUM_CONVERSION = YES;
				CLANG_WARN_INFINITE_RECURSION = YES;
				CLANG_WARN_INT_CONVERSION = YES;
				CLANG_WARN_NON_LITERAL_NULL_CONVERSION = YES;
				CLANG_WARN_OBJC_IMPLICIT_RETAIN_SELF = YES;
				CLANG_WARN_OBJC_LITERAL_CONVERSION = YES;
				CLANG_WARN_OBJC_ROOT_CLASS = YES_ERROR;
				CLANG_WARN_QUOTED_INCLUDE_IN_FRAMEWORK_HEADER = YES;
				CLANG_WARN_RANGE_LOOP_ANALYSIS = YES;
				CLANG_WARN_STRICT_PROTOTYPES = YES;
				CLANG_WARN_SUSPICIOUS_MOVE = YES;
				CLANG_WARN_UNGUARDED_AVAILABILITY = YES_AGGRESSIVE;
				CLANG_WARN_UNREACHABLE_CODE = YES;
				CLANG_WARN__DUPLICATE_METHOD_MATCH = YES;
				COPY_PHASE_STRIP = NO;
				DEBUG_INFORMATION_FORMAT = "dwarf-with-dsym";
				ENABLE_NS_ASSERTIONS = NO;
				ENABLE_STRICT_OBJC_MSGSEND = YES;
				GCC_C_LANGUAGE_STANDARD = gnu11;
				GCC_NO_COMMON_BLOCKS = YES;
				GCC_WARN_64_TO_32_BIT_CONVERSION = YES;
				GCC_WARN_ABOUT_RETURN_TYPE = YES_ERROR;
				GCC_WARN_UNDECLARED_SELECTOR = YES;
				GCC_WARN_UNINITIALIZED_AUTOS = YES_AGGRESSIVE;
				GCC_WARN_UNUSED_FUNCTION = YES;
				GCC_WARN_UNUSED_VARIABLE = YES;
				IPHONEOS_DEPLOYMENT_TARGET = 15.4;
				MTL_ENABLE_DEBUG_INFO = NO;
				MTL_FAST_MATH = YES;
				SDKROOT = iphoneos;
				SWIFT_COMPILATION_MODE = wholemodule;
				SWIFT_OPTIMIZATION_LEVEL = "-O";
				VALIDATE_PRODUCT = YES;
			};
			name = Release;
		};
		41602A232879411B0049C2D6 /* Debug */ = {
			isa = XCBuildConfiguration;
			buildSettings = {
				ASSETCATALOG_COMPILER_APPICON_NAME = AppIcon;
				ASSETCATALOG_COMPILER_GLOBAL_ACCENT_COLOR_NAME = AccentColor;
				CODE_SIGN_STYLE = Automatic;
				CURRENT_PROJECT_VERSION = 1;
				DEVELOPMENT_TEAM = W749SDNNB4;
				GENERATE_INFOPLIST_FILE = YES;
				INFOPLIST_FILE = Bank/Info.plist;
				INFOPLIST_KEY_UIApplicationSupportsIndirectInputEvents = YES;
				INFOPLIST_KEY_UILaunchStoryboardName = LaunchScreen;
				INFOPLIST_KEY_UIMainStoryboardFile = "";
				INFOPLIST_KEY_UISupportedInterfaceOrientations_iPad = "UIInterfaceOrientationPortrait UIInterfaceOrientationPortraitUpsideDown UIInterfaceOrientationLandscapeLeft UIInterfaceOrientationLandscapeRight";
				INFOPLIST_KEY_UISupportedInterfaceOrientations_iPhone = "UIInterfaceOrientationPortrait UIInterfaceOrientationLandscapeLeft UIInterfaceOrientationLandscapeRight";
				LD_RUNPATH_SEARCH_PATHS = (
					"$(inherited)",
					"@executable_path/Frameworks",
				);
				MARKETING_VERSION = 1.0;
				PRODUCT_BUNDLE_IDENTIFIER = com.asad.Bank;
				PRODUCT_NAME = "$(TARGET_NAME)";
				SWIFT_EMIT_LOC_STRINGS = YES;
				SWIFT_VERSION = 5.0;
				TARGETED_DEVICE_FAMILY = "1,2";
			};
			name = Debug;
		};
		41602A242879411B0049C2D6 /* Release */ = {
			isa = XCBuildConfiguration;
			buildSettings = {
				ASSETCATALOG_COMPILER_APPICON_NAME = AppIcon;
				ASSETCATALOG_COMPILER_GLOBAL_ACCENT_COLOR_NAME = AccentColor;
				CODE_SIGN_STYLE = Automatic;
				CURRENT_PROJECT_VERSION = 1;
				DEVELOPMENT_TEAM = W749SDNNB4;
				GENERATE_INFOPLIST_FILE = YES;
				INFOPLIST_FILE = Bank/Info.plist;
				INFOPLIST_KEY_UIApplicationSupportsIndirectInputEvents = YES;
				INFOPLIST_KEY_UILaunchStoryboardName = LaunchScreen;
				INFOPLIST_KEY_UIMainStoryboardFile = "";
				INFOPLIST_KEY_UISupportedInterfaceOrientations_iPad = "UIInterfaceOrientationPortrait UIInterfaceOrientationPortraitUpsideDown UIInterfaceOrientationLandscapeLeft UIInterfaceOrientationLandscapeRight";
				INFOPLIST_KEY_UISupportedInterfaceOrientations_iPhone = "UIInterfaceOrientationPortrait UIInterfaceOrientationLandscapeLeft UIInterfaceOrientationLandscapeRight";
				LD_RUNPATH_SEARCH_PATHS = (
					"$(inherited)",
					"@executable_path/Frameworks",
				);
				MARKETING_VERSION = 1.0;
				PRODUCT_BUNDLE_IDENTIFIER = com.asad.Bank;
				PRODUCT_NAME = "$(TARGET_NAME)";
				SWIFT_EMIT_LOC_STRINGS = YES;
				SWIFT_VERSION = 5.0;
				TARGETED_DEVICE_FAMILY = "1,2";
			};
			name = Release;
		};
/* End XCBuildConfiguration section */

/* Begin XCConfigurationList section */
		411E8FA4297E4D11004D040A /* Build configuration list for PBXNativeTarget "BankUnitTests" */ = {
			isa = XCConfigurationList;
			buildConfigurations = (
				411E8FA2297E4D11004D040A /* Debug */,
				411E8FA3297E4D11004D040A /* Release */,
			);
			defaultConfigurationIsVisible = 0;
			defaultConfigurationName = Release;
		};
		41602A09287941190049C2D6 /* Build configuration list for PBXProject "Bank" */ = {
			isa = XCConfigurationList;
			buildConfigurations = (
				41602A202879411B0049C2D6 /* Debug */,
				41602A212879411B0049C2D6 /* Release */,
			);
			defaultConfigurationIsVisible = 0;
			defaultConfigurationName = Release;
		};
		41602A222879411B0049C2D6 /* Build configuration list for PBXNativeTarget "Bank" */ = {
			isa = XCConfigurationList;
			buildConfigurations = (
				41602A232879411B0049C2D6 /* Debug */,
				41602A242879411B0049C2D6 /* Release */,
			);
			defaultConfigurationIsVisible = 0;
			defaultConfigurationName = Release;
		};
/* End XCConfigurationList section */
	};
	rootObject = 41602A06287941190049C2D6 /* Project object */;
}
